Microsoft Visual Studio Solution File, Format Version 10.00
# Visual Studio 2008
Project("{FAE04EC0-301F-11D3-BF4B-00C04F79EFBC}") = "Microsoft.Scripting.Silverlight", "src\Microsoft.Scripting.Silverlight\Microsoft.Scripting.Silverlight.csproj", "{C86A7A7B-3086-4136-9B56-17E8DCB38C8D}"
EndProject
Project("{FAE04EC0-301F-11D3-BF4B-00C04F79EFBC}") = "Chiron", "src\Chiron\Chiron.csproj", "{7D07B0CE-FFA3-4402-BFF2-5F42B4267D2A}"
EndProject
Global
	GlobalSection(SolutionConfigurationPlatforms) = preSolution
		Debug|Any CPU = Debug|Any CPU
		Silverlight Debug|Any CPU = Silverlight Debug|Any CPU
		Silverlight Release|Any CPU = Silverlight Release|Any CPU
	EndGlobalSection
	GlobalSection(ProjectConfigurationPlatforms) = postSolution
		{C86A7A7B-3086-4136-9B56-17E8DCB38C8D}.Debug|Any CPU.ActiveCfg = Silverlight Debug|Any CPU
		{C86A7A7B-3086-4136-9B56-17E8DCB38C8D}.Debug|Any CPU.Build.0 = Silverlight Debug|Any CPU
		{C86A7A7B-3086-4136-9B56-17E8DCB38C8D}.Silverlight Debug|Any CPU.ActiveCfg = Silverlight Debug|Any CPU
		{C86A7A7B-3086-4136-9B56-17E8DCB38C8D}.Silverlight Debug|Any CPU.Build.0 = Silverlight Debug|Any CPU
		{C86A7A7B-3086-4136-9B56-17E8DCB38C8D}.Silverlight Release|Any CPU.ActiveCfg = Silverlight Release|Any CPU
		{C86A7A7B-3086-4136-9B56-17E8DCB38C8D}.Silverlight Release|Any CPU.Build.0 = Silverlight Release|Any CPU
		{7D07B0CE-FFA3-4402-BFF2-5F42B4267D2A}.Debug|Any CPU.ActiveCfg = Debug|Any CPU
		{7D07B0CE-FFA3-4402-BFF2-5F42B4267D2A}.Debug|Any CPU.Build.0 = Debug|Any CPU
		{7D07B0CE-FFA3-4402-BFF2-5F42B4267D2A}.Silverlight Debug|Any CPU.ActiveCfg = Debug|Any CPU
		{7D07B0CE-FFA3-4402-BFF2-5F42B4267D2A}.Silverlight Debug|Any CPU.Build.0 = Debug|Any CPU
		{7D07B0CE-FFA3-4402-BFF2-5F42B4267D2A}.Silverlight Release|Any CPU.ActiveCfg = Release|Any CPU
		{7D07B0CE-FFA3-4402-BFF2-5F42B4267D2A}.Silverlight Release|Any CPU.Build.0 = Release|Any CPU
	EndGlobalSection
	GlobalSection(SolutionProperties) = preSolution
		HideSolutionNode = FALSE
	EndGlobalSection
EndGlobal
